<?xml version="1.0" encoding="utf-8"?>
<Project ToolsVersion="4.0" xmlns="http://schemas.microsoft.com/developer/msbuild/2003">
  <ItemGroup>
    <ClCompile Include="src\ofApp.cpp">
      <Filter>src</Filter>
    </ClCompile>
    <ClCompile Include="src\main.cpp">
      <Filter>src</Filter>
    </ClCompile>
    <ClCompile Include="..\..\..\addons\ofxBiquadFilter\src\ofxBiquadFilter.cpp">
      <Filter>addons\ofxBiquadFilter\src</Filter>
    </ClCompile>
    <ClCompile Include="..\..\..\addons\ofxBiquadFilter\src\ofxBiquadFilterInstance.cpp">
      <Filter>addons\ofxBiquadFilter\src</Filter>
    </ClCompile>
    <ClCompile Include="..\..\..\addons\ofxEmotiBit\src\EmotiBitTestingHelper.cpp">
      <Filter>addons\ofxEmotiBit\src</Filter>
    </ClCompile>
    <ClCompile Include="..\..\..\addons\ofxNetwork\src\ofxNetworkUtils.cpp">
      <Filter>addons\ofxNetwork\src</Filter>
    </ClCompile>
    <ClCompile Include="..\..\..\addons\ofxNetwork\src\ofxTCPClient.cpp">
      <Filter>addons\ofxNetwork\src</Filter>
    </ClCompile>
    <ClCompile Include="..\..\..\addons\ofxNetwork\src\ofxTCPManager.cpp">
      <Filter>addons\ofxNetwork\src</Filter>
    </ClCompile>
    <ClCompile Include="..\..\..\addons\ofxNetwork\src\ofxTCPServer.cpp">
      <Filter>addons\ofxNetwork\src</Filter>
    </ClCompile>
    <ClCompile Include="..\..\..\addons\ofxNetwork\src\ofxUDPManager.cpp">
      <Filter>addons\ofxNetwork\src</Filter>
    </ClCompile>
    <ClCompile Include="..\..\..\addons\ofxPoco\src\ofxXmlPoco.cpp">
      <Filter>addons\ofxPoco\src</Filter>
    </ClCompile>
    <ClCompile Include="..\..\..\addons\ofxThreadedLogger\src\ofxThreadedLogger.cpp">
      <Filter>addons\ofxThreadedLogger\src</Filter>
    </ClCompile>
    <ClCompile Include="..\..\EmotiBit_XPlat_Utils\src\EmotiBitPacket.cpp">
      <Filter>addons\EmotiBit_XPlat_Utils\src</Filter>
    </ClCompile>
    <ClCompile Include="..\EmotiBitOscilloscope\src\EmotiBitWiFiHost.cpp">
      <Filter>addons\ofxEmotiBit\EmotiBitOscilloscope\src</Filter>
    </ClCompile>
    <ClCompile Include="..\..\ofxJSON\libs\jsoncpp\src\jsoncpp.cpp">
      <Filter>addons\ofxJSON\libs\src</Filter>
    </ClCompile>
    <ClCompile Include="..\..\ofxJSON\src\ofxJSONElement.cpp">
      <Filter>addons\ofxJSON\src</Filter>
    </ClCompile>
  </ItemGroup>
  <ItemGroup>
    <Filter Include="src">
      <UniqueIdentifier>{d8376475-7454-4a24-b08a-aac121d3ad6f}</UniqueIdentifier>
    </Filter>
    <Filter Include="addons">
      <UniqueIdentifier>{71834F65-F3A9-211E-73B8-DC85}</UniqueIdentifier>
    </Filter>
    <Filter Include="addons\ofxBiquadFilter">
      <UniqueIdentifier>{722AA280-224B-6677-0333-080D}</UniqueIdentifier>
    </Filter>
    <Filter Include="addons\ofxBiquadFilter\src">
      <UniqueIdentifier>{6A1697DC-957E-5FD0-4C2B-394F}</UniqueIdentifier>
    </Filter>
    <Filter Include="addons\ofxEmotiBit">
      <UniqueIdentifier>{D5BAEE0B-17C8-94EC-18FD-28FF}</UniqueIdentifier>
    </Filter>
    <Filter Include="addons\ofxEmotiBit\src">
      <UniqueIdentifier>{E6176BF7-A69F-78A5-E517-F6F5}</UniqueIdentifier>
    </Filter>
    <Filter Include="addons\ofxNetwork">
      <UniqueIdentifier>{01A15744-29A6-108D-08E9-83A7}</UniqueIdentifier>
    </Filter>
    <Filter Include="addons\ofxNetwork\src">
      <UniqueIdentifier>{3D1C10C7-8F35-E796-9C70-F5F3}</UniqueIdentifier>
    </Filter>
    <Filter Include="addons\ofxPoco">
      <UniqueIdentifier>{3256AE3E-9B29-EA27-C842-CE6B}</UniqueIdentifier>
    </Filter>
    <Filter Include="addons\ofxPoco\src">
      <UniqueIdentifier>{C7D4269D-D8A9-A7BB-531B-98DA}</UniqueIdentifier>
    </Filter>
    <Filter Include="addons\ofxThreadedLogger">
      <UniqueIdentifier>{832094C4-8614-2B4B-A60F-4240}</UniqueIdentifier>
    </Filter>
    <Filter Include="addons\ofxThreadedLogger\src">
      <UniqueIdentifier>{CA068CB5-A638-66AF-AE6A-1CDD}</UniqueIdentifier>
    </Filter>
    <Filter Include="addons\EmotiBit_XPlat_Utils">
      <UniqueIdentifier>{ff4842ff-e144-41f9-912a-1a1798dc4969}</UniqueIdentifier>
    </Filter>
    <Filter Include="addons\EmotiBit_XPlat_Utils\src">
      <UniqueIdentifier>{4adf502e-ed10-4733-8452-26436ecfe173}</UniqueIdentifier>
    </Filter>
    <Filter Include="addons\ofxEmotiBit\EmotiBitOscilloscope">
      <UniqueIdentifier>{48bf6807-e0d7-4d96-b275-dc559017feb2}</UniqueIdentifier>
    </Filter>
    <Filter Include="addons\ofxEmotiBit\EmotiBitOscilloscope\src">
      <UniqueIdentifier>{c55076a6-b2f9-4944-b0f2-a0be6dacd00b}</UniqueIdentifier>
    </Filter>
    <Filter Include="addons\ofxJSON">
      <UniqueIdentifier>{c29e2956-3f15-4f2c-9108-1097b67d1cec}</UniqueIdentifier>
    </Filter>
    <Filter Include="addons\ofxJSON\libs">
      <UniqueIdentifier>{239990a3-570a-4eed-98c1-f6d247eb7a36}</UniqueIdentifier>
    </Filter>
    <Filter Include="addons\ofxJSON\libs\include">
      <UniqueIdentifier>{f83ee8e7-e079-462b-8338-02d732d56336}</UniqueIdentifier>
    </Filter>
    <Filter Include="addons\ofxJSON\libs\include\json">
      <UniqueIdentifier>{9b674f3c-7136-4d68-9d91-f2bb87f34b70}</UniqueIdentifier>
    </Filter>
    <Filter Include="addons\ofxJSON\libs\src">
      <UniqueIdentifier>{ad91e570-5d32-46e9-9c87-58cac598994d}</UniqueIdentifier>
    </Filter>
    <Filter Include="addons\ofxJSON\src">
      <UniqueIdentifier>{7b75b821-39ad-47ee-b289-90ff869a4031}</UniqueIdentifier>
    </Filter>
  </ItemGroup>
  <ItemGroup>
    <ClInclude Include="src\ofApp.h">
      <Filter>src</Filter>
    </ClInclude>
    <ClInclude Include="..\..\..\addons\ofxBiquadFilter\src\ofxBiquadFilter.h">
      <Filter>addons\ofxBiquadFilter\src</Filter>
    </ClInclude>
    <ClInclude Include="..\..\..\addons\ofxBiquadFilter\src\ofxBiquadFilterInstance.h">
      <Filter>addons\ofxBiquadFilter\src</Filter>
    </ClInclude>
    <ClInclude Include="..\..\..\addons\ofxEmotiBit\src\ArduinoString.h">
      <Filter>addons\ofxEmotiBit\src</Filter>
    </ClInclude>
    <ClInclude Include="..\..\..\addons\ofxEmotiBit\src\DoubleBuffer.h">
      <Filter>addons\ofxEmotiBit\src</Filter>
    </ClInclude>
    <ClInclude Include="..\..\..\addons\ofxEmotiBit\src\EmotiBitTestingHelper.h">
      <Filter>addons\ofxEmotiBit\src</Filter>
    </ClInclude>
    <ClInclude Include="..\..\..\addons\ofxEmotiBit\src\ofxEmotiBitVersion.h">
      <Filter>addons\ofxEmotiBit\src</Filter>
    </ClInclude>
    <ClInclude Include="..\..\..\addons\ofxNetwork\src\ofxNetwork.h">
      <Filter>addons\ofxNetwork\src</Filter>
    </ClInclude>
    <ClInclude Include="..\..\..\addons\ofxNetwork\src\ofxNetworkUtils.h">
      <Filter>addons\ofxNetwork\src</Filter>
    </ClInclude>
    <ClInclude Include="..\..\..\addons\ofxNetwork\src\ofxTCPClient.h">
      <Filter>addons\ofxNetwork\src</Filter>
    </ClInclude>
    <ClInclude Include="..\..\..\addons\ofxNetwork\src\ofxTCPManager.h">
      <Filter>addons\ofxNetwork\src</Filter>
    </ClInclude>
    <ClInclude Include="..\..\..\addons\ofxNetwork\src\ofxTCPServer.h">
      <Filter>addons\ofxNetwork\src</Filter>
    </ClInclude>
    <ClInclude Include="..\..\..\addons\ofxNetwork\src\ofxTCPSettings.h">
      <Filter>addons\ofxNetwork\src</Filter>
    </ClInclude>
    <ClInclude Include="..\..\..\addons\ofxNetwork\src\ofxUDPManager.h">
      <Filter>addons\ofxNetwork\src</Filter>
    </ClInclude>
    <ClInclude Include="..\..\..\addons\ofxNetwork\src\ofxUDPSettings.h">
      <Filter>addons\ofxNetwork\src</Filter>
    </ClInclude>
    <ClInclude Include="..\..\..\addons\ofxPoco\src\ofxXmlPoco.h">
      <Filter>addons\ofxPoco\src</Filter>
    </ClInclude>
    <ClInclude Include="..\..\..\addons\ofxThreadedLogger\src\ofxThreadedLogger.h">
      <Filter>addons\ofxThreadedLogger\src</Filter>
    </ClInclude>
    <ClInclude Include="..\..\EmotiBit_XPlat_Utils\src\EmotiBitComms.h">
      <Filter>addons\EmotiBit_XPlat_Utils\src</Filter>
    </ClInclude>
    <ClInclude Include="..\..\EmotiBit_XPlat_Utils\src\EmotiBitPacket.h">
      <Filter>addons\EmotiBit_XPlat_Utils\src</Filter>
    </ClInclude>
    <ClInclude Include="..\EmotiBitOscilloscope\src\EmotiBitWiFiHost.h">
      <Filter>addons\ofxEmotiBit\EmotiBitOscilloscope\src</Filter>
    </ClInclude>
    <ClInclude Include="..\..\ofxJSON\libs\jsoncpp\include\json\json.h">
      <Filter>addons\ofxJSON\libs\include\json</Filter>
    </ClInclude>
    <ClInclude Include="..\..\ofxJSON\libs\jsoncpp\include\json\json-forwards.h">
      <Filter>addons\ofxJSON\libs\include\json</Filter>
    </ClInclude>
    <ClInclude Include="..\..\ofxJSON\src\ofxJSON.h">
      <Filter>addons\ofxJSON\src</Filter>
    </ClInclude>
    <ClInclude Include="..\..\ofxJSON\src\ofxJSONElement.h">
      <Filter>addons\ofxJSON\src</Filter>
    </ClInclude>
  </ItemGroup>
  <ItemGroup>
    <ResourceCompile Include="icon.rc" />
  </ItemGroup>
</Project>